
Microsoft Visual Studio Solution File, Format Version 12.00
# Visual Studio Version 17
VisualStudioVersion = 17.4.33122.133
MinimumVisualStudioVersion = 10.0.40219.1
Project("{9A19103F-16F7-4668-BE54-9A1E7A4F7556}") = "PropControl", "PropControl.csproj", "{B040C90E-33FD-438A-A1E7-CE8D2B02132B}"
EndProject
Project("{D954291E-2A0B-460D-934E-DC6B0785DB48}") = "AlgernonCommonsPatchingShared", "..\AlgernonCommons\AlgernonCommonsPatchingShared.shproj", "{25AEF446-6F0D-43A8-BB84-D1306789B68C}"
EndProject
Global
	GlobalSection(SolutionConfigurationPlatforms) = preSolution
		Debug|Any CPU = Debug|Any CPU
		Release|Any CPU = Release|Any CPU
	EndGlobalSection
	GlobalSection(ProjectConfigurationPlatforms) = postSolution
		{B040C90E-33FD-438A-A1E7-CE8D2B02132B}.Debug|Any CPU.ActiveCfg = Debug|Any CPU
		{B040C90E-33FD-438A-A1E7-CE8D2B02132B}.Debug|Any CPU.Build.0 = Debug|Any CPU
		{B040C90E-33FD-438A-A1E7-CE8D2B02132B}.Release|Any CPU.ActiveCfg = Release|Any CPU
		{B040C90E-33FD-438A-A1E7-CE8D2B02132B}.Release|Any CPU.Build.0 = Release|Any CPU
	EndGlobalSection
	GlobalSection(SolutionProperties) = preSolution
		HideSolutionNode = FALSE
	EndGlobalSection
	GlobalSection(ExtensibilityGlobals) = postSolution
		SolutionGuid = {250225B0-E50D-47AA-AA55-6002C0C0DCE0}
	EndGlobalSection
	GlobalSection(SharedMSBuildProjectFiles) = preSolution
		..\AlgernonCommons\AlgernonCommonsPatchingShared.projitems*{25aef446-6f0d-43a8-bb84-d1306789b68c}*SharedItemsImports = 13
		..\AlgernonCommons\AlgernonCommonsPatchingShared.projitems*{b040c90e-33fd-438a-a1e7-ce8d2b02132b}*SharedItemsImports = 5
	EndGlobalSection
EndGlobal
